
Microsoft Visual Studio Solution File, Format Version 12.00
# Visual Studio Version 17
VisualStudioVersion = 17.14.37710.0 d17.14
MinimumVisualStudioVersion = 10.0.40219.1
Project("{FAE04EC0-301F-11D3-BF4B-00C04F79EFBC}") = "MauiHello", "MauiHello.csproj", "{2D64DA58-7AC1-49DE-B2C4-98308DEB6C32}"
EndProject
Global
	GlobalSection(SolutionConfigurationPlatforms) = preSolution
		Debug|Any CPU = Debug|Any CPU
		Release|Any CPU = Release|Any CPU
	EndGlobalSection
	GlobalSection(ProjectConfigurationPlatforms) = postSolution
		{2D64DA58-7AC1-49DE-B2C4-98308DEB6C32}.Debug|Any CPU.ActiveCfg = Debug|Any CPU
		{2D64DA58-7AC1-49DE-B2C4-98308DEB6C32}.Debug|Any CPU.Build.0 = Debug|Any CPU
		{2D64DA58-7AC1-49DE-B2C4-98308DEB6C32}.Release|Any CPU.ActiveCfg = Release|Any CPU
		{2D64DA58-7AC1-49DE-B2C4-98308DEB6C32}.Release|Any CPU.Build.0 = Release|Any CPU
	EndGlobalSection
	GlobalSection(SolutionProperties) = preSolution
		HideSolutionNode = FALSE
	EndGlobalSection
	GlobalSection(ExtensibilityGlobals) = postSolution
		SolutionGuid = {70811FF4-B94A-437E-BCBC-116F22E1C42A}
	EndGlobalSection
EndGlobal
